
Microsoft Visual Studio Solution File, Format Version 12.00
# Visual Studio Version 17
VisualStudioVersion = 17.3.32825.248
MinimumVisualStudioVersion = 10.0.40219.1
Project("{FAE04EC0-301F-11D3-BF4B-00C04F79EFBC}") = "Canducci.Extensions", "Canducci.Extensions\Canducci.Extensions.csproj", "{58A26740-A252-44AC-B463-A036C8DE0AA9}"
EndProject
Project("{FAE04EC0-301F-11D3-BF4B-00C04F79EFBC}") = "TestExtensions", "TestExtensions\TestExtensions.csproj", "{DBFCF12B-D25D-4BBB-B0E9-F4F00AADDD4B}"
EndProject
Global
	GlobalSection(SolutionConfigurationPlatforms) = preSolution
		Debug|Any CPU = Debug|Any CPU
		Release|Any CPU = Release|Any CPU
	EndGlobalSection
	GlobalSection(ProjectConfigurationPlatforms) = postSolution
		{58A26740-A252-44AC-B463-A036C8DE0AA9}.Debug|Any CPU.ActiveCfg = Debug|Any CPU
		{58A26740-A252-44AC-B463-A036C8DE0AA9}.Debug|Any CPU.Build.0 = Debug|Any CPU
		{58A26740-A252-44AC-B463-A036C8DE0AA9}.Release|Any CPU.ActiveCfg = Release|Any CPU
		{58A26740-A252-44AC-B463-A036C8DE0AA9}.Release|Any CPU.Build.0 = Release|Any CPU
		{DBFCF12B-D25D-4BBB-B0E9-F4F00AADDD4B}.Debug|Any CPU.ActiveCfg = Debug|Any CPU
		{DBFCF12B-D25D-4BBB-B0E9-F4F00AADDD4B}.Debug|Any CPU.Build.0 = Debug|Any CPU
		{DBFCF12B-D25D-4BBB-B0E9-F4F00AADDD4B}.Release|Any CPU.ActiveCfg = Release|Any CPU
		{DBFCF12B-D25D-4BBB-B0E9-F4F00AADDD4B}.Release|Any CPU.Build.0 = Release|Any CPU
	EndGlobalSection
	GlobalSection(SolutionProperties) = preSolution
		HideSolutionNode = FALSE
	EndGlobalSection
	GlobalSection(ExtensibilityGlobals) = postSolution
		SolutionGuid = {FC47AC53-F0A8-45E2-92A5-5A1B788FC2B0}
	EndGlobalSection
EndGlobal
